dependencies:
  espressif/esp_codec_dev:
    component_hash: 896c67360ae1f8dedaf8a53dfe48c015317fa455f061a5165307892296990028
    dependencies:
    - name: idf
      require: private
      version: '>=4.0'
    source:
      registry_url: https://components.espressif.com/
      type: service
    version: 1.5.10
  idf:
    source:
      type: idf
    version: 6.0.1
direct_dependencies:
- espressif/esp_codec_dev
- idf
manifest_hash: 533fa56b4c35c5dfa70cddb44f325b53268a9a0fadff801f78627b2c4a647892
target: esp32s3
version: 3.0.0
